
Microsoft Visual Studio Solution File, Format Version 12.00
# Visual Studio Version 17
VisualStudioVersion = 17.11.35327.3
MinimumVisualStudioVersion = 10.0.40219.1
Project("{FAE04EC0-301F-11D3-BF4B-00C04F79EFBC}") = "IdentityBoilerplate", "IdentityBoilerplate\IdentityBoilerplate\IdentityBoilerplate.csproj", "{8D99DF6D-E4A5-45FE-BD08-E7B54152290C}"
EndProject
Project("{FAE04EC0-301F-11D3-BF4B-00C04F79EFBC}") = "IdentityBoilerplate.Client", "IdentityBoilerplate\IdentityBoilerplate.Client\IdentityBoilerplate.Client.csproj", "{822C5312-0C78-4871-BDA9-6CA44CBAE788}"
EndProject
Global
	GlobalSection(SolutionConfigurationPlatforms) = preSolution
		Debug|Any CPU = Debug|Any CPU
		Release|Any CPU = Release|Any CPU
	EndGlobalSection
	GlobalSection(ProjectConfigurationPlatforms) = postSolution
		{8D99DF6D-E4A5-45FE-BD08-E7B54152290C}.Debug|Any CPU.ActiveCfg = Debug|Any CPU
		{8D99DF6D-E4A5-45FE-BD08-E7B54152290C}.Debug|Any CPU.Build.0 = Debug|Any CPU
		{8D99DF6D-E4A5-45FE-BD08-E7B54152290C}.Release|Any CPU.ActiveCfg = Release|Any CPU
		{8D99DF6D-E4A5-45FE-BD08-E7B54152290C}.Release|Any CPU.Build.0 = Release|Any CPU
		{822C5312-0C78-4871-BDA9-6CA44CBAE788}.Debug|Any CPU.ActiveCfg = Debug|Any CPU
		{822C5312-0C78-4871-BDA9-6CA44CBAE788}.Debug|Any CPU.Build.0 = Debug|Any CPU
		{822C5312-0C78-4871-BDA9-6CA44CBAE788}.Release|Any CPU.ActiveCfg = Release|Any CPU
		{822C5312-0C78-4871-BDA9-6CA44CBAE788}.Release|Any CPU.Build.0 = Release|Any CPU
	EndGlobalSection
	GlobalSection(SolutionProperties) = preSolution
		HideSolutionNode = FALSE
	EndGlobalSection
	GlobalSection(ExtensibilityGlobals) = postSolution
		SolutionGuid = {CF1080A9-00F0-456F-B546-FF89277B1D5E}
	EndGlobalSection
EndGlobal
